{
  "name": "stoargeApp",
  "lockfileVersion": 3,
  "requires": true,
  "packages": {
    "": {
      "dependencies": {
        "@aws-sdk/s3-request-presigner": "^3.914.0"
      }
    },
    "node_modules/@aws-sdk/core": {
      "version": "3.914.0",
      "resolved": "https://registry.npmjs.org/@aws-sdk/core/-/core-3.914.0.tgz",
      "integrity": "sha512-QMnWdW7PwxVfi5WBV2a6apM1fIizgBf1UHYbqd3e1sXk8B0d3tpysmLZdIx30OY066zhEo6FyAKLAeTSsGrALg==",
      "license": "Apache-2.0",
      "dependencies": {
        "@aws-sdk/types": "3.914.0",
        "@aws-sdk/xml-builder": "3.914.0",
        "@smithy/core": "^3.17.0",
        "@smithy/node-config-provider": "^4.3.3",
        "@smithy/property-provider": "^4.2.3",
        "@smithy/protocol-http": "^5.3.3",
        "@smithy/signature-v4": "^5.3.3",
        "@smithy/smithy-client": "^4.9.0",
        "@smithy/types": "^4.8.0",
        "@smithy/util-base64": "^4.3.0",
        "@smithy/util-middleware": "^4.2.3",
        "@smithy/util-utf8": "^4.2.0",
        "tslib": "^2.6.2"
      },
      "engines": {
        "node": ">=18.0.0"
      }
    },
    "node_modules/@aws-sdk/middleware-sdk-s3": {
      "version": "3.914.0",
      "resolved": "https://registry.npmjs.org/@aws-sdk/middleware-sdk-s3/-/middleware-sdk-s3-3.914.0.tgz",
      "integrity": "sha512-jcbOc0FxW6p4KRJE/7LFA05cRAeLK4eZK4k4ZaWZOqbkH48WihKaDlxYsppbWa2WnIvVcjPye4kSTncBEFZrPg==",
      "license": "Apache-2.0",
      "dependencies": {
        "@aws-sdk/core": "3.914.0",
        "@aws-sdk/types": "3.914.0",
        "@aws-sdk/util-arn-parser": "3.893.0",
        "@smithy/core": "^3.17.0",
        "@smithy/node-config-provider": "^4.3.3",
        "@smithy/protocol-http": "^5.3.3",
        "@smithy/signature-v4": "^5.3.3",
        "@smithy/smithy-client": "^4.9.0",
        "@smithy/types": "^4.8.0",
        "@smithy/util-config-provider": "^4.2.0",
        "@smithy/util-middleware": "^4.2.3",
        "@smithy/util-stream": "^4.5.3",
        "@smithy/util-utf8": "^4.2.0",
        "tslib": "^2.6.2"
      },
      "engines": {
        "node": ">=18.0.0"
      }
    },
    "node_modules/@aws-sdk/s3-request-presigner": {
      "version": "3.914.0",
      "resolved": "https://registry.npmjs.org/@aws-sdk/s3-request-presigner/-/s3-request-presigner-3.914.0.tgz",
      "integrity": "sha512-5cKehoTlodA2tu50avxM4Okn0mZSGiKc1nzZBvperx97IOvNXLZ2UuKpPR1ogirAF6cuMbGoIkqYIjLffFogOQ==",
      "license": "Apache-2.0",
      "dependencies": {
        "@aws-sdk/signature-v4-multi-region": "3.914.0",
        "@aws-sdk/types": "3.914.0",
        "@aws-sdk/util-format-url": "3.914.0",
        "@smithy/middleware-endpoint": "^4.3.4",
        "@smithy/protocol-http": "^5.3.3",
        "@smithy/smithy-client": "^4.9.0",
        "@smithy/types": "^4.8.0",
        "tslib": "^2.6.2"
      },
      "engines": {
        "node": ">=18.0.0"
      }
    },
    "node_modules/@aws-sdk/signature-v4-multi-region": {
      "version": "3.914.0",
      "resolved": "https://registry.npmjs.org/@aws-sdk/signature-v4-multi-region/-/signature-v4-multi-region-3.914.0.tgz",
      "integrity": "sha512-EOQ/ObGwaRXfK54GnxVRdHFiUvCZ4IJYAHMoQWfF9ZrV/4g0B4eBgJAal+DRO5g1sye32EtaGwFiQ6sULJb/Pw==",
      "license": "Apache-2.0",
      "dependencies": {
        "@aws-sdk/middleware-sdk-s3": "3.914.0",
        "@aws-sdk/types": "3.914.0",
        "@smithy/protocol-http": "^5.3.3",
        "@smithy/signature-v4": "^5.3.3",
        "@smithy/types": "^4.8.0",
        "tslib": "^2.6.2"
      },
      "engines": {
        "node": ">=18.0.0"
      }
    },
    "node_modules/@aws-sdk/types": {
      "version": "3.914.0",
      "resolved": "https://registry.npmjs.org/@aws-sdk/types/-/types-3.914.0.tgz",
      "integrity": "sha512-kQWPsRDmom4yvAfyG6L1lMmlwnTzm1XwMHOU+G5IFlsP4YEaMtXidDzW/wiivY0QFrhfCz/4TVmu0a2aPU57ug==",
      "license": "Apache-2.0",
      "dependencies": {
        "@smithy/types": "^4.8.0",
        "tslib": "^2.6.2"
      },
      "engines": {
        "node": ">=18.0.0"
      }
    },
    "node_modules/@aws-sdk/util-arn-parser": {
      "version": "3.893.0",
      "resolved": "https://registry.npmjs.org/@aws-sdk/util-arn-parser/-/util-arn-parser-3.893.0.tgz",
      "integrity": "sha512-u8H4f2Zsi19DGnwj5FSZzDMhytYF/bCh37vAtBsn3cNDL3YG578X5oc+wSX54pM3tOxS+NY7tvOAo52SW7koUA==",
      "license": "Apache-2.0",
      "dependencies": {
        "tslib": "^2.6.2"
      },
      "engines": {
        "node": ">=18.0.0"
      }
    },
    "node_modules/@aws-sdk/util-format-url": {
      "version": "3.914.0",
      "resolved": "https://registry.npmjs.org/@aws-sdk/util-format-url/-/util-format-url-3.914.0.tgz",
      "integrity": "sha512-QpdkoQjvPaYyzZwgk41vFyHQM5s0DsrsbQ8IoPUggQt4HaJUvmL1ShwMcSldbgdzwiRMqXUK8q7jrqUvkYkY6w==",
      "license": "Apache-2.0",
      "dependencies": {
        "@aws-sdk/types": "3.914.0",
        "@smithy/querystring-builder": "^4.2.3",
        "@smithy/types": "^4.8.0",
        "tslib": "^2.6.2"
      },
      "engines": {
        "node": ">=18.0.0"
      }
    },
    "node_modules/@aws-sdk/xml-builder": {
      "version": "3.914.0",
      "resolved": "https://registry.npmjs.org/@aws-sdk/xml-builder/-/xml-builder-3.914.0.tgz",
      "integrity": "sha512-k75evsBD5TcIjedycYS7QXQ98AmOtbnxRJOPtCo0IwYRmy7UvqgS/gBL5SmrIqeV6FDSYRQMgdBxSMp6MLmdew==",
      "license": "Apache-2.0",
      "dependencies": {
        "@smithy/types": "^4.8.0",
        "fast-xml-parser": "5.2.5",
        "tslib": "^2.6.2"
      },
      "engines": {
        "node": ">=18.0.0"
      }
    },
    "node_modules/@smithy/abort-controller": {
      "version": "4.2.3",
      "resolved": "https://registry.npmjs.org/@smithy/abort-controller/-/abort-controller-4.2.3.tgz",
      "integrity": "sha512-xWL9Mf8b7tIFuAlpjKtRPnHrR8XVrwTj5NPYO/QwZPtc0SDLsPxb56V5tzi5yspSMytISHybifez+4jlrx0vkQ==",
      "license": "Apache-2.0",
      "dependencies": {
        "@smithy/types": "^4.8.0",
        "tslib": "^2.6.2"
      },
      "engines": {
        "node": ">=18.0.0"
      }
    },
    "node_modules/@smithy/core": {
      "version": "3.17.0",
      "resolved": "https://registry.npmjs.org/@smithy/core/-/core-3.17.0.tgz",
      "integrity": "sha512-Tir3DbfoTO97fEGUZjzGeoXgcQAUBRDTmuH9A8lxuP8ATrgezrAJ6cLuRvwdKN4ZbYNlHgKlBX69Hyu3THYhtg==",
      "license": "Apache-2.0",
      "dependencies": {
        "@smithy/middleware-serde": "^4.2.3",
        "@smithy/protocol-http": "^5.3.3",
        "@smithy/types": "^4.8.0",
        "@smithy/util-base64": "^4.3.0",
        "@smithy/util-body-length-browser": "^4.2.0",
        "@smithy/util-middleware": "^4.2.3",
        "@smithy/util-stream": "^4.5.3",
        "@smithy/util-utf8": "^4.2.0",
        "@smithy/uuid": "^1.1.0",
        "tslib": "^2.6.2"
      },
      "engines": {
        "node": ">=18.0.0"
      }
    },
    "node_modules/@smithy/fetch-http-handler": {
      "version": "5.3.4",
      "resolved": "https://registry.npmjs.org/@smithy/fetch-http-handler/-/fetch-http-handler-5.3.4.tgz",
      "integrity": "sha512-bwigPylvivpRLCm+YK9I5wRIYjFESSVwl8JQ1vVx/XhCw0PtCi558NwTnT2DaVCl5pYlImGuQTSwMsZ+pIavRw==",
      "license": "Apache-2.0",
      "dependencies": {
        "@smithy/protocol-http": "^5.3.3",
        "@smithy/querystring-builder": "^4.2.3",
        "@smithy/types": "^4.8.0",
        "@smithy/util-base64": "^4.3.0",
        "tslib": "^2.6.2"
      },
      "engines": {
        "node": ">=18.0.0"
      }
    },
    "node_modules/@smithy/is-array-buffer": {
      "version": "4.2.0",
      "resolved": "https://registry.npmjs.org/@smithy/is-array-buffer/-/is-array-buffer-4.2.0.tgz",
      "integrity": "sha512-DZZZBvC7sjcYh4MazJSGiWMI2L7E0oCiRHREDzIxi/M2LY79/21iXt6aPLHge82wi5LsuRF5A06Ds3+0mlh6CQ==",
      "license": "Apache-2.0",
      "dependencies": {
        "tslib": "^2.6.2"
      },
      "engines": {
        "node": ">=18.0.0"
      }
    },
    "node_modules/@smithy/middleware-endpoint": {
      "version": "4.3.4",
      "resolved": "https://registry.npmjs.org/@smithy/middleware-endpoint/-/middleware-endpoint-4.3.4.tgz",
      "integrity": "sha512-/RJhpYkMOaUZoJEkddamGPPIYeKICKXOu/ojhn85dKDM0n5iDIhjvYAQLP3K5FPhgB203O3GpWzoK2OehEoIUw==",
      "license": "Apache-2.0",
      "dependencies": {
        "@smithy/core": "^3.17.0",
        "@smithy/middleware-serde": "^4.2.3",
        "@smithy/node-config-provider": "^4.3.3",
        "@smithy/shared-ini-file-loader": "^4.3.3",
        "@smithy/types": "^4.8.0",
        "@smithy/url-parser": "^4.2.3",
        "@smithy/util-middleware": "^4.2.3",
        "tslib": "^2.6.2"
      },
      "engines": {
        "node": ">=18.0.0"
      }
    },
    "node_modules/@smithy/middleware-serde": {
      "version": "4.2.3",
      "resolved": "https://registry.npmjs.org/@smithy/middleware-serde/-/middleware-serde-4.2.3.tgz",
      "integrity": "sha512-8g4NuUINpYccxiCXM5s1/V+uLtts8NcX4+sPEbvYQDZk4XoJfDpq5y2FQxfmUL89syoldpzNzA0R9nhzdtdKnQ==",
      "license": "Apache-2.0",
      "dependencies": {
        "@smithy/protocol-http": "^5.3.3",
        "@smithy/types": "^4.8.0",
        "tslib": "^2.6.2"
      },
      "engines": {
        "node": ">=18.0.0"
      }
    },
    "node_modules/@smithy/middleware-stack": {
      "version": "4.2.3",
      "resolved": "https://registry.npmjs.org/@smithy/middleware-stack/-/middleware-stack-4.2.3.tgz",
      "integrity": "sha512-iGuOJkH71faPNgOj/gWuEGS6xvQashpLwWB1HjHq1lNNiVfbiJLpZVbhddPuDbx9l4Cgl0vPLq5ltRfSaHfspA==",
      "license": "Apache-2.0",
      "dependencies": {
        "@smithy/types": "^4.8.0",
        "tslib": "^2.6.2"
      },
      "engines": {
        "node": ">=18.0.0"
      }
    },
    "node_modules/@smithy/node-config-provider": {
      "version": "4.3.3",
      "resolved": "https://registry.npmjs.org/@smithy/node-config-provider/-/node-config-provider-4.3.3.tgz",
      "integrity": "sha512-NzI1eBpBSViOav8NVy1fqOlSfkLgkUjUTlohUSgAEhHaFWA3XJiLditvavIP7OpvTjDp5u2LhtlBhkBlEisMwA==",
      "license": "Apache-2.0",
      "dependencies": {
        "@smithy/property-provider": "^4.2.3",
        "@smithy/shared-ini-file-loader": "^4.3.3",
        "@smithy/types": "^4.8.0",
        "tslib": "^2.6.2"
      },
      "engines": {
        "node": ">=18.0.0"
      }
    },
    "node_modules/@smithy/node-http-handler": {
      "version": "4.4.2",
      "resolved": "https://registry.npmjs.org/@smithy/node-http-handler/-/node-http-handler-4.4.2.tgz",
      "integrity": "sha512-MHFvTjts24cjGo1byXqhXrbqm7uznFD/ESFx8npHMWTFQVdBZjrT1hKottmp69LBTRm/JQzP/sn1vPt0/r6AYQ==",
      "license": "Apache-2.0",
      "dependencies": {
        "@smithy/abort-controller": "^4.2.3",
        "@smithy/protocol-http": "^5.3.3",
        "@smithy/querystring-builder": "^4.2.3",
        "@smithy/types": "^4.8.0",
        "tslib": "^2.6.2"
      },
      "engines": {
        "node": ">=18.0.0"
      }
    },
    "node_modules/@smithy/property-provider": {
      "version": "4.2.3",
      "resolved": "https://registry.npmjs.org/@smithy/property-provider/-/property-provider-4.2.3.tgz",
      "integrity": "sha512-+1EZ+Y+njiefCohjlhyOcy1UNYjT+1PwGFHCxA/gYctjg3DQWAU19WigOXAco/Ql8hZokNehpzLd0/+3uCreqQ==",
      "license": "Apache-2.0",
      "dependencies": {
        "@smithy/types": "^4.8.0",
        "tslib": "^2.6.2"
      },
      "engines": {
        "node": ">=18.0.0"
      }
    },
    "node_modules/@smithy/protocol-http": {
      "version": "5.3.3",
      "resolved": "https://registry.npmjs.org/@smithy/protocol-http/-/protocol-http-5.3.3.tgz",
      "integrity": "sha512-Mn7f/1aN2/jecywDcRDvWWWJF4uwg/A0XjFMJtj72DsgHTByfjRltSqcT9NyE9RTdBSN6X1RSXrhn/YWQl8xlw==",
      "license": "Apache-2.0",
      "dependencies": {
        "@smithy/types": "^4.8.0",
        "tslib": "^2.6.2"
      },
      "engines": {
        "node": ">=18.0.0"
      }
    },
    "node_modules/@smithy/querystring-builder": {
      "version": "4.2.3",
      "resolved": "https://registry.npmjs.org/@smithy/querystring-builder/-/querystring-builder-4.2.3.tgz",
      "integrity": "sha512-LOVCGCmwMahYUM/P0YnU/AlDQFjcu+gWbFJooC417QRB/lDJlWSn8qmPSDp+s4YVAHOgtgbNG4sR+SxF/VOcJQ==",
      "license": "Apache-2.0",
      "dependencies": {
        "@smithy/types": "^4.8.0",
        "@smithy/util-uri-escape": "^4.2.0",
        "tslib": "^2.6.2"
      },
      "engines": {
        "node": ">=18.0.0"
      }
    },
    "node_modules/@smithy/querystring-parser": {
      "version": "4.2.3",
      "resolved": "https://registry.npmjs.org/@smithy/querystring-parser/-/querystring-parser-4.2.3.tgz",
      "integrity": "sha512-cYlSNHcTAX/wc1rpblli3aUlLMGgKZ/Oqn8hhjFASXMCXjIqeuQBei0cnq2JR8t4RtU9FpG6uyl6PxyArTiwKA==",
      "license": "Apache-2.0",
      "dependencies": {
        "@smithy/types": "^4.8.0",
        "tslib": "^2.6.2"
      },
      "engines": {
        "node": ">=18.0.0"
      }
    },
    "node_modules/@smithy/shared-ini-file-loader": {
      "version": "4.3.3",
      "resolved": "https://registry.npmjs.org/@smithy/shared-ini-file-loader/-/shared-ini-file-loader-4.3.3.tgz",
      "integrity": "sha512-9f9Ixej0hFhroOK2TxZfUUDR13WVa8tQzhSzPDgXe5jGL3KmaM9s8XN7RQwqtEypI82q9KHnKS71CJ+q/1xLtQ==",
      "license": "Apache-2.0",
      "dependencies": {
        "@smithy/types": "^4.8.0",
        "tslib": "^2.6.2"
      },
      "engines": {
        "node": ">=18.0.0"
      }
    },
    "node_modules/@smithy/signature-v4": {
      "version": "5.3.3",
      "resolved": "https://registry.npmjs.org/@smithy/signature-v4/-/signature-v4-5.3.3.tgz",
      "integrity": "sha512-CmSlUy+eEYbIEYN5N3vvQTRfqt0lJlQkaQUIf+oizu7BbDut0pozfDjBGecfcfWf7c62Yis4JIEgqQ/TCfodaA==",
      "license": "Apache-2.0",
      "dependencies": {
        "@smithy/is-array-buffer": "^4.2.0",
        "@smithy/protocol-http": "^5.3.3",
        "@smithy/types": "^4.8.0",
        "@smithy/util-hex-encoding": "^4.2.0",
        "@smithy/util-middleware": "^4.2.3",
        "@smithy/util-uri-escape": "^4.2.0",
        "@smithy/util-utf8": "^4.2.0",
        "tslib": "^2.6.2"
      },
      "engines": {
        "node": ">=18.0.0"
      }
    },
    "node_modules/@smithy/smithy-client": {
      "version": "4.9.0",
      "resolved": "https://registry.npmjs.org/@smithy/smithy-client/-/smithy-client-4.9.0.tgz",
      "integrity": "sha512-qz7RTd15GGdwJ3ZCeBKLDQuUQ88m+skh2hJwcpPm1VqLeKzgZvXf6SrNbxvx7uOqvvkjCMXqx3YB5PDJyk00ww==",
      "license": "Apache-2.0",
      "dependencies": {
        "@smithy/core": "^3.17.0",
        "@smithy/middleware-endpoint": "^4.3.4",
        "@smithy/middleware-stack": "^4.2.3",
        "@smithy/protocol-http": "^5.3.3",
        "@smithy/types": "^4.8.0",
        "@smithy/util-stream": "^4.5.3",
        "tslib": "^2.6.2"
      },
      "engines": {
        "node": ">=18.0.0"
      }
    },
    "node_modules/@smithy/types": {
      "version": "4.8.0",
      "resolved": "https://registry.npmjs.org/@smithy/types/-/types-4.8.0.tgz",
      "integrity": "sha512-QpELEHLO8SsQVtqP+MkEgCYTFW0pleGozfs3cZ183ZBj9z3VC1CX1/wtFMK64p+5bhtZo41SeLK1rBRtd25nHQ==",
      "license": "Apache-2.0",
      "dependencies": {
        "tslib": "^2.6.2"
      },
      "engines": {
        "node": ">=18.0.0"
      }
    },
    "node_modules/@smithy/url-parser": {
      "version": "4.2.3",
      "resolved": "https://registry.npmjs.org/@smithy/url-parser/-/url-parser-4.2.3.tgz",
      "integrity": "sha512-I066AigYvY3d9VlU3zG9XzZg1yT10aNqvCaBTw9EPgu5GrsEl1aUkcMvhkIXascYH1A8W0LQo3B1Kr1cJNcQEw==",
      "license": "Apache-2.0",
      "dependencies": {
        "@smithy/querystring-parser": "^4.2.3",
        "@smithy/types": "^4.8.0",
        "tslib": "^2.6.2"
      },
      "engines": {
        "node": ">=18.0.0"
      }
    },
    "node_modules/@smithy/util-base64": {
      "version": "4.3.0",
      "resolved": "https://registry.npmjs.org/@smithy/util-base64/-/util-base64-4.3.0.tgz",
      "integrity": "sha512-GkXZ59JfyxsIwNTWFnjmFEI8kZpRNIBfxKjv09+nkAWPt/4aGaEWMM04m4sxgNVWkbt2MdSvE3KF/PfX4nFedQ==",
      "license": "Apache-2.0",
      "dependencies": {
        "@smithy/util-buffer-from": "^4.2.0",
        "@smithy/util-utf8": "^4.2.0",
        "tslib": "^2.6.2"
      },
      "engines": {
        "node": ">=18.0.0"
      }
    },
    "node_modules/@smithy/util-body-length-browser": {
      "version": "4.2.0",
      "resolved": "https://registry.npmjs.org/@smithy/util-body-length-browser/-/util-body-length-browser-4.2.0.tgz",
      "integrity": "sha512-Fkoh/I76szMKJnBXWPdFkQJl2r9SjPt3cMzLdOB6eJ4Pnpas8hVoWPYemX/peO0yrrvldgCUVJqOAjUrOLjbxg==",
      "license": "Apache-2.0",
      "dependencies": {
        "tslib": "^2.6.2"
      },
      "engines": {
        "node": ">=18.0.0"
      }
    },
    "node_modules/@smithy/util-buffer-from": {
      "version": "4.2.0",
      "resolved": "https://registry.npmjs.org/@smithy/util-buffer-from/-/util-buffer-from-4.2.0.tgz",
      "integrity": "sha512-kAY9hTKulTNevM2nlRtxAG2FQ3B2OR6QIrPY3zE5LqJy1oxzmgBGsHLWTcNhWXKchgA0WHW+mZkQrng/pgcCew==",
      "license": "Apache-2.0",
      "dependencies": {
        "@smithy/is-array-buffer": "^4.2.0",
        "tslib": "^2.6.2"
      },
      "engines": {
        "node": ">=18.0.0"
      }
    },
    "node_modules/@smithy/util-config-provider": {
      "version": "4.2.0",
      "resolved": "https://registry.npmjs.org/@smithy/util-config-provider/-/util-config-provider-4.2.0.tgz",
      "integrity": "sha512-YEjpl6XJ36FTKmD+kRJJWYvrHeUvm5ykaUS5xK+6oXffQPHeEM4/nXlZPe+Wu0lsgRUcNZiliYNh/y7q9c2y6Q==",
      "license": "Apache-2.0",
      "dependencies": {
        "tslib": "^2.6.2"
      },
      "engines": {
        "node": ">=18.0.0"
      }
    },
    "node_modules/@smithy/util-hex-encoding": {
      "version": "4.2.0",
      "resolved": "https://registry.npmjs.org/@smithy/util-hex-encoding/-/util-hex-encoding-4.2.0.tgz",
      "integrity": "sha512-CCQBwJIvXMLKxVbO88IukazJD9a4kQ9ZN7/UMGBjBcJYvatpWk+9g870El4cB8/EJxfe+k+y0GmR9CAzkF+Nbw==",
      "license": "Apache-2.0",
      "dependencies": {
        "tslib": "^2.6.2"
      },
      "engines": {
        "node": ">=18.0.0"
      }
    },
    "node_modules/@smithy/util-middleware": {
      "version": "4.2.3",
      "resolved": "https://registry.npmjs.org/@smithy/util-middleware/-/util-middleware-4.2.3.tgz",
      "integrity": "sha512-v5ObKlSe8PWUHCqEiX2fy1gNv6goiw6E5I/PN2aXg3Fb/hse0xeaAnSpXDiWl7x6LamVKq7senB+m5LOYHUAHw==",
      "license": "Apache-2.0",
      "dependencies": {
        "@smithy/types": "^4.8.0",
        "tslib": "^2.6.2"
      },
      "engines": {
        "node": ">=18.0.0"
      }
    },
    "node_modules/@smithy/util-stream": {
      "version": "4.5.3",
      "resolved": "https://registry.npmjs.org/@smithy/util-stream/-/util-stream-4.5.3.tgz",
      "integrity": "sha512-oZvn8a5bwwQBNYHT2eNo0EU8Kkby3jeIg1P2Lu9EQtqDxki1LIjGRJM6dJ5CZUig8QmLxWxqOKWvg3mVoOBs5A==",
      "license": "Apache-2.0",
      "dependencies": {
        "@smithy/fetch-http-handler": "^5.3.4",
        "@smithy/node-http-handler": "^4.4.2",
        "@smithy/types": "^4.8.0",
        "@smithy/util-base64": "^4.3.0",
        "@smithy/util-buffer-from": "^4.2.0",
        "@smithy/util-hex-encoding": "^4.2.0",
        "@smithy/util-utf8": "^4.2.0",
        "tslib": "^2.6.2"
      },
      "engines": {
        "node": ">=18.0.0"
      }
    },
    "node_modules/@smithy/util-uri-escape": {
      "version": "4.2.0",
      "resolved": "https://registry.npmjs.org/@smithy/util-uri-escape/-/util-uri-escape-4.2.0.tgz",
      "integrity": "sha512-igZpCKV9+E/Mzrpq6YacdTQ0qTiLm85gD6N/IrmyDvQFA4UnU3d5g3m8tMT/6zG/vVkWSU+VxeUyGonL62DuxA==",
      "license": "Apache-2.0",
      "dependencies": {
        "tslib": "^2.6.2"
      },
      "engines": {
        "node": ">=18.0.0"
      }
    },
    "node_modules/@smithy/util-utf8": {
      "version": "4.2.0",
      "resolved": "https://registry.npmjs.org/@smithy/util-utf8/-/util-utf8-4.2.0.tgz",
      "integrity": "sha512-zBPfuzoI8xyBtR2P6WQj63Rz8i3AmfAaJLuNG8dWsfvPe8lO4aCPYLn879mEgHndZH1zQ2oXmG8O1GGzzaoZiw==",
      "license": "Apache-2.0",
      "dependencies": {
        "@smithy/util-buffer-from": "^4.2.0",
        "tslib": "^2.6.2"
      },
      "engines": {
        "node": ">=18.0.0"
      }
    },
    "node_modules/@smithy/uuid": {
      "version": "1.1.0",
      "resolved": "https://registry.npmjs.org/@smithy/uuid/-/uuid-1.1.0.tgz",
      "integrity": "sha512-4aUIteuyxtBUhVdiQqcDhKFitwfd9hqoSDYY2KRXiWtgoWJ9Bmise+KfEPDiVHWeJepvF8xJO9/9+WDIciMFFw==",
      "license": "Apache-2.0",
      "dependencies": {
        "tslib": "^2.6.2"
      },
      "engines": {
        "node": ">=18.0.0"
      }
    },
    "node_modules/fast-xml-parser": {
      "version": "5.2.5",
      "resolved": "https://registry.npmjs.org/fast-xml-parser/-/fast-xml-parser-5.2.5.tgz",
      "integrity": "sha512-pfX9uG9Ki0yekDHx2SiuRIyFdyAr1kMIMitPvb0YBo8SUfKvia7w7FIyd/l6av85pFYRhZscS75MwMnbvY+hcQ==",
      "funding": [
        {
          "type": "github",
          "url": "https://github.com/sponsors/NaturalIntelligence"
        }
      ],
      "license": "MIT",
      "dependencies": {
        "strnum": "^2.1.0"
      },
      "bin": {
        "fxparser": "src/cli/cli.js"
      }
    },
    "node_modules/strnum": {
      "version": "2.1.1",
      "resolved": "https://registry.npmjs.org/strnum/-/strnum-2.1.1.tgz",
      "integrity": "sha512-7ZvoFTiCnGxBtDqJ//Cu6fWtZtc7Y3x+QOirG15wztbdngGSkht27o2pyGWrVy0b4WAy3jbKmnoK6g5VlVNUUw==",
      "funding": [
        {
          "type": "github",
          "url": "https://github.com/sponsors/NaturalIntelligence"
        }
      ],
      "license": "MIT"
    },
    "node_modules/tslib": {
      "version": "2.8.1",
      "resolved": "https://registry.npmjs.org/tslib/-/tslib-2.8.1.tgz",
      "integrity": "sha512-oJFu94HQb+KVduSUQL7wnpmqnfmLsOA/nAh6b6EH0wCEoK0/mPeXU6c3wKDV83MkOuHPRHtSXKKU99IBazS/2w==",
      "license": "0BSD"
    }
  }
}
